Microsoft Visual Studio Solution File, Format Version 12.00
# Visual Studio Version 17
VisualStudioVersion = 17.5.2.0
MinimumVisualStudioVersion = 10.0.40219.1
Project("{FAE04EC0-301F-11D3-BF4B-00C04F79EFBC}") = "ConstructorApp", "ConstructorApp.csproj", "{BFE75AB6-E552-F3ED-1857-39B0BDF9D4D9}"
EndProject
Global
	GlobalSection(SolutionConfigurationPlatforms) = preSolution
		Debug|Any CPU = Debug|Any CPU
		Release|Any CPU = Release|Any CPU
	EndGlobalSection
	GlobalSection(ProjectConfigurationPlatforms) = postSolution
		{BFE75AB6-E552-F3ED-1857-39B0BDF9D4D9}.Debug|Any CPU.ActiveCfg = Debug|Any CPU
		{BFE75AB6-E552-F3ED-1857-39B0BDF9D4D9}.Debug|Any CPU.Build.0 = Debug|Any CPU
		{BFE75AB6-E552-F3ED-1857-39B0BDF9D4D9}.Release|Any CPU.ActiveCfg = Release|Any CPU
		{BFE75AB6-E552-F3ED-1857-39B0BDF9D4D9}.Release|Any CPU.Build.0 = Release|Any CPU
	EndGlobalSection
	GlobalSection(SolutionProperties) = preSolution
		HideSolutionNode = FALSE
	EndGlobalSection
	GlobalSection(ExtensibilityGlobals) = postSolution
		SolutionGuid = {D88CBB08-5C99-48D3-9193-0F43573D7C12}
	EndGlobalSection
EndGlobal
